
Microsoft Visual Studio Solution File, Format Version 12.00
# Visual Studio Version 16
VisualStudioVersion = 16.0.29609.76
MinimumVisualStudioVersion = 10.0.40219.1
Project("{2150E333-8FDC-42A3-9474-1A3956D46DE8}") = "Core", "Core", "{BEC6E2AD-FBBB-43A6-B7DE-21557DB50106}"
EndProject
Project("{FAE04EC0-301F-11D3-BF4B-00C04F79EFBC}") = "Columbus.InnerSource.Core", "Core\Columbus.Core\Columbus.InnerSource.Core.csproj", "{410C1E25-DD70-47D5-9280-BB6B7B40985A}"
EndProject
Project("{2150E333-8FDC-42A3-9474-1A3956D46DE8}") = "Infrastructure", "Infrastructure", "{5233988B-6517-41F5-A774-C58881331950}"
EndProject
Project("{FAE04EC0-301F-11D3-BF4B-00C04F79EFBC}") = "Columbus.InnerSource.Infrastructure.Microsoft.Crm", "Infrastructure\Columbus.Infrastructure.Crm\Columbus.InnerSource.Infrastructure.Microsoft.Crm.csproj", "{4B343F8B-2BCD-4D8A-B60A-571648B2E64B}"
EndProject
Project("{FAE04EC0-301F-11D3-BF4B-00C04F79EFBC}") = "Columbus.InnerSources.Infrastructure.Autofac", "Infrastructure\Columbus.Infrastructure.Autofac\Columbus.InnerSources.Infrastructure.Autofac.csproj", "{FCB53AC9-1ECD-46FD-98B2-752946CDA083}"
EndProject
Project("{FAE04EC0-301F-11D3-BF4B-00C04F79EFBC}") = "Columbus.InnerSource.Core.Crm.Domain", "Core\Columbus.InnerSource.Core.Crm.Domain\Columbus.InnerSource.Core.Crm.Domain.csproj", "{DA6AD3FB-48A7-49A6-B787-75D9864376F2}"
EndProject
Global
	GlobalSection(SolutionConfigurationPlatforms) = preSolution
		Debug|Any CPU = Debug|Any CPU
		Release|Any CPU = Release|Any CPU
	EndGlobalSection
	GlobalSection(ProjectConfigurationPlatforms) = postSolution
		{410C1E25-DD70-47D5-9280-BB6B7B40985A}.Debug|Any CPU.ActiveCfg = Debug|Any CPU
		{410C1E25-DD70-47D5-9280-BB6B7B40985A}.Debug|Any CPU.Build.0 = Debug|Any CPU
		{410C1E25-DD70-47D5-9280-BB6B7B40985A}.Release|Any CPU.ActiveCfg = Release|Any CPU
		{410C1E25-DD70-47D5-9280-BB6B7B40985A}.Release|Any CPU.Build.0 = Release|Any CPU
		{4B343F8B-2BCD-4D8A-B60A-571648B2E64B}.Debug|Any CPU.ActiveCfg = Debug|Any CPU
		{4B343F8B-2BCD-4D8A-B60A-571648B2E64B}.Debug|Any CPU.Build.0 = Debug|Any CPU
		{4B343F8B-2BCD-4D8A-B60A-571648B2E64B}.Release|Any CPU.ActiveCfg = Release|Any CPU
		{4B343F8B-2BCD-4D8A-B60A-571648B2E64B}.Release|Any CPU.Build.0 = Release|Any CPU
		{FCB53AC9-1ECD-46FD-98B2-752946CDA083}.Debug|Any CPU.ActiveCfg = Debug|Any CPU
		{FCB53AC9-1ECD-46FD-98B2-752946CDA083}.Debug|Any CPU.Build.0 = Debug|Any CPU
		{FCB53AC9-1ECD-46FD-98B2-752946CDA083}.Release|Any CPU.ActiveCfg = Release|Any CPU
		{FCB53AC9-1ECD-46FD-98B2-752946CDA083}.Release|Any CPU.Build.0 = Release|Any CPU
		{DA6AD3FB-48A7-49A6-B787-75D9864376F2}.Debug|Any CPU.ActiveCfg = Debug|Any CPU
		{DA6AD3FB-48A7-49A6-B787-75D9864376F2}.Debug|Any CPU.Build.0 = Debug|Any CPU
		{DA6AD3FB-48A7-49A6-B787-75D9864376F2}.Release|Any CPU.ActiveCfg = Release|Any CPU
		{DA6AD3FB-48A7-49A6-B787-75D9864376F2}.Release|Any CPU.Build.0 = Release|Any CPU
	EndGlobalSection
	GlobalSection(SolutionProperties) = preSolution
		HideSolutionNode = FALSE
	EndGlobalSection
	GlobalSection(NestedProjects) = preSolution
		{410C1E25-DD70-47D5-9280-BB6B7B40985A} = {BEC6E2AD-FBBB-43A6-B7DE-21557DB50106}
		{4B343F8B-2BCD-4D8A-B60A-571648B2E64B} = {5233988B-6517-41F5-A774-C58881331950}
		{FCB53AC9-1ECD-46FD-98B2-752946CDA083} = {5233988B-6517-41F5-A774-C58881331950}
		{DA6AD3FB-48A7-49A6-B787-75D9864376F2} = {BEC6E2AD-FBBB-43A6-B7DE-21557DB50106}
	EndGlobalSection
	GlobalSection(ExtensibilityGlobals) = postSolution
		SolutionGuid = {B15A8951-1A23-4452-BCA1-7AA15CCCA52F}
	EndGlobalSection
EndGlobal
